
Microsoft Visual Studio Solution File, Format Version 12.00
# Visual Studio Version 17
VisualStudioVersion = 17.6.33829.357
MinimumVisualStudioVersion = 10.0.40219.1
Project("{FAE04EC0-301F-11D3-BF4B-00C04F79EFBC}") = "Quantic_console", "Quantic_console\Quantic_console.csproj", "{BF88EFDF-0F54-4762-9D75-F23ED4A23F7A}"
EndProject
Global
	GlobalSection(SolutionConfigurationPlatforms) = preSolution
		Debug|Any CPU = Debug|Any CPU
		Release|Any CPU = Release|Any CPU
	EndGlobalSection
	GlobalSection(ProjectConfigurationPlatforms) = postSolution
		{BF88EFDF-0F54-4762-9D75-F23ED4A23F7A}.Debug|Any CPU.ActiveCfg = Debug|Any CPU
		{BF88EFDF-0F54-4762-9D75-F23ED4A23F7A}.Debug|Any CPU.Build.0 = Debug|Any CPU
		{BF88EFDF-0F54-4762-9D75-F23ED4A23F7A}.Release|Any CPU.ActiveCfg = Release|Any CPU
		{BF88EFDF-0F54-4762-9D75-F23ED4A23F7A}.Release|Any CPU.Build.0 = Release|Any CPU
	EndGlobalSection
	GlobalSection(SolutionProperties) = preSolution
		HideSolutionNode = FALSE
	EndGlobalSection
	GlobalSection(ExtensibilityGlobals) = postSolution
		SolutionGuid = {656CC462-ADD9-4E81-821A-F2D1725A298D}
	EndGlobalSection
EndGlobal
